# This file is autogenerated, do not edit; changes may be undone by the next 'dep ensure'.


[[projects]]
  branch = "master"
  name = "github.com/goccmack/gocc"
  packages = [".","internal/ast","internal/config","internal/frontend/errors","internal/frontend/parser","internal/frontend/scanner","internal/frontend/token","internal/io","internal/lexer/gen/golang","internal/lexer/items","internal/lexer/symbols","internal/parser/first","internal/parser/gen","internal/parser/gen/golang","internal/parser/lr1/action","internal/parser/lr1/items","internal/parser/symbols","internal/token","internal/token/gen","internal/token/gen/golang","internal/util","internal/util/gen","internal/util/gen/golang"]
  revision = "cfc6e1223475ac3cf135f61e5b761bcb55ffe4a0"

[[projects]]
  name = "github.com/mattn/go-runewidth"
  packages = ["."]
  revision = "9e777a8366cce605130a531d2cd6363d07ad7317"
  version = "v0.0.2"

[[projects]]
  branch = "master"
  name = "github.com/olekukonko/tablewriter"
  packages = ["."]
  revision = "b8a9be070da40449e501c3c4730a889e42d87a9e"

[solve-meta]
  analyzer-name = "dep"
  analyzer-version = 1
  inputs-digest = "ca33123de3e7a968898027fc17d849f095002588ba1eb6e7c2e929441ee9a252"
  solver-name = "gps-cdcl"
  solver-version = 1
